
Microsoft Visual Studio Solution File, Format Version 12.00
# Visual Studio Version 17
VisualStudioVersion = 17.1.32210.238
MinimumVisualStudioVersion = 10.0.40219.1
Project("{FAE04EC0-301F-11D3-BF4B-00C04F79EFBC}") = "UC5", "UC5\UC5.csproj", "{B765B5F6-EA9E-4764-9D37-D5FE3514EEB5}"
EndProject
Global
	GlobalSection(SolutionConfigurationPlatforms) = preSolution
		Debug|Any CPU = Debug|Any CPU
		Release|Any CPU = Release|Any CPU
	EndGlobalSection
	GlobalSection(ProjectConfigurationPlatforms) = postSolution
		{B765B5F6-EA9E-4764-9D37-D5FE3514EEB5}.Debug|Any CPU.ActiveCfg = Debug|Any CPU
		{B765B5F6-EA9E-4764-9D37-D5FE3514EEB5}.Debug|Any CPU.Build.0 = Debug|Any CPU
		{B765B5F6-EA9E-4764-9D37-D5FE3514EEB5}.Release|Any CPU.ActiveCfg = Release|Any CPU
		{B765B5F6-EA9E-4764-9D37-D5FE3514EEB5}.Release|Any CPU.Build.0 = Release|Any CPU
	EndGlobalSection
	GlobalSection(SolutionProperties) = preSolution
		HideSolutionNode = FALSE
	EndGlobalSection
	GlobalSection(ExtensibilityGlobals) = postSolution
		SolutionGuid = {8B81F166-B32C-4B4B-9DE2-3E380C3CC492}
	EndGlobalSection
EndGlobal
